// !$*UTF8*$!
{
	archiveVersion = 1;
	classes = {
	};
	objectVersion = 56;
	objects = {

/* Begin PBXBuildFile section */
		160E94D02941EC6B00838B21 /* PinCodeViewController.swift in Sources */ = {isa = PBXBuildFile; fileRef = 160E94CF2941EC6B00838B21 /* PinCodeViewController.swift */; };
		1616C308291BBF8C000C0043 /* AppDelegate.swift in Sources */ = {isa = PBXBuildFile; fileRef = 1616C307291BBF8C000C0043 /* AppDelegate.swift */; };
		1616C30A291BBF8C000C0043 /* SceneDelegate.swift in Sources */ = {isa = PBXBuildFile; fileRef = 1616C309291BBF8C000C0043 /* SceneDelegate.swift */; };
		1616C30C291BBF8C000C0043 /* ListViewController.swift in Sources */ = {isa = PBXBuildFile; fileRef = 1616C30B291BBF8C000C0043 /* ListViewController.swift */; };
		1616C30F291BBF8C000C0043 /* Main.storyboard in Resources */ = {isa = PBXBuildFile; fileRef = 1616C30D291BBF8C000C0043 /* Main.storyboard */; };
		1616C311291BBF90000C0043 /* Assets.xcassets in Resources */ = {isa = PBXBuildFile; fileRef = 1616C310291BBF90000C0043 /* Assets.xcassets */; };
		1616C314291BBF90000C0043 /* LaunchScreen.storyboard in Resources */ = {isa = PBXBuildFile; fileRef = 1616C312291BBF90000C0043 /* LaunchScreen.storyboard */; };
		1616C31C291BC295000C0043 /* CustomTableViewCell.swift in Sources */ = {isa = PBXBuildFile; fileRef = 1616C31B291BC295000C0043 /* CustomTableViewCell.swift */; };
		1616C31E291BCA56000C0043 /* DetailTrasactionVC.swift in Sources */ = {isa = PBXBuildFile; fileRef = 1616C31D291BCA56000C0043 /* DetailTrasactionVC.swift */; };
		165021DE293E14FA003CEC30 /* FirestoreServise.swift in Sources */ = {isa = PBXBuildFile; fileRef = 165021DD293E14FA003CEC30 /* FirestoreServise.swift */; };
		165021E0293E172D003CEC30 /* ExpensesItem.swift in Sources */ = {isa = PBXBuildFile; fileRef = 165021DF293E172D003CEC30 /* ExpensesItem.swift */; };
		165021E2293E24AB003CEC30 /* GoogleService-Info.plist in Resources */ = {isa = PBXBuildFile; fileRef = 165021E1293E24AB003CEC30 /* GoogleService-Info.plist */; };
		165021E4293E319D003CEC30 /* ListenerServise.swift in Sources */ = {isa = PBXBuildFile; fileRef = 165021E3293E319D003CEC30 /* ListenerServise.swift */; };
		16CF915D2A03BAD300E3A122 /* ListAllOperationViewModel.swift in Sources */ = {isa = PBXBuildFile; fileRef = 16CF915C2A03BAD300E3A122 /* ListAllOperationViewModel.swift */; };
		16DD5E0E2A58208A004A9AA0 /* AuthViewController.swift in Sources */ = {isa = PBXBuildFile; fileRef = 16DD5E0D2A58208A004A9AA0 /* AuthViewController.swift */; };
		16DD5E102A582666004A9AA0 /* AuthService.swift in Sources */ = {isa = PBXBuildFile; fileRef = 16DD5E0F2A582666004A9AA0 /* AuthService.swift */; };
		16DD5E232A585A91004A9AA0 /* ViewController + Extension.swift in Sources */ = {isa = PBXBuildFile; fileRef = 16DD5E222A585A91004A9AA0 /* ViewController + Extension.swift */; };
		16DD5E362A5C2F81004A9AA0 /* CustomPinCodeButton.swift in Sources */ = {isa = PBXBuildFile; fileRef = 16DD5E352A5C2F81004A9AA0 /* CustomPinCodeButton.swift */; };
		16DD5E482A5D807C004A9AA0 /* UIAlerrtControler + Extension.swift in Sources */ = {isa = PBXBuildFile; fileRef = 16DD5E472A5D807C004A9AA0 /* UIAlerrtControler + Extension.swift */; };
		16E0EA782A096B59001EF537 /* CustomCollectionViewCell.swift in Sources */ = {isa = PBXBuildFile; fileRef = 16E0EA772A096B59001EF537 /* CustomCollectionViewCell.swift */; };
		16E0EA7A2A098101001EF537 /* CollectionViewCellModel.swift in Sources */ = {isa = PBXBuildFile; fileRef = 16E0EA792A098101001EF537 /* CollectionViewCellModel.swift */; };
		16E0EBBA2A123F76001EF537 /* ListTableViewCellViewModel.swift in Sources */ = {isa = PBXBuildFile; fileRef = 16E0EBB92A123F76001EF537 /* ListTableViewCellViewModel.swift */; };
		16E0EBBC2A1250E9001EF537 /* ListCollectionViewCellViewModel.swift in Sources */ = {isa = PBXBuildFile; fileRef = 16E0EBBB2A1250E9001EF537 /* ListCollectionViewCellViewModel.swift */; };
		16E0EBBE2A126C5D001EF537 /* EditTransactionViewModel.swift in Sources */ = {isa = PBXBuildFile; fileRef = 16E0EBBD2A126C5D001EF537 /* EditTransactionViewModel.swift */; };
		16E0EBC02A12C56C001EF537 /* AddTrnsactionViewModel.swift in Sources */ = {isa = PBXBuildFile; fileRef = 16E0EBBF2A12C56C001EF537 /* AddTrnsactionViewModel.swift */; };
		16E0ECF22A1651EA001EF537 /* ListTableViewViewModelProtocol.swift in Sources */ = {isa = PBXBuildFile; fileRef = 16E0ECF12A1651EA001EF537 /* ListTableViewViewModelProtocol.swift */; };
		16E0ECF42A165237001EF537 /* ListTableViewCellViewModelProtocol.swift in Sources */ = {isa = PBXBuildFile; fileRef = 16E0ECF32A165237001EF537 /* ListTableViewCellViewModelProtocol.swift */; };
		16E0ECF62A16525A001EF537 /* ListCollectionViewCellViewModelProtocol.swift in Sources */ = {isa = PBXBuildFile; fileRef = 16E0ECF52A16525A001EF537 /* ListCollectionViewCellViewModelProtocol.swift */; };
		16E0ECF82A165275001EF537 /* DetailViewModelProtocol.swift in Sources */ = {isa = PBXBuildFile; fileRef = 16E0ECF72A165275001EF537 /* DetailViewModelProtocol.swift */; };
		DEFA4CAA6E3AF6BF2F75A3F3 /* Pods_Expenses.framework in Frameworks */ = {isa = PBXBuildFile; fileRef = 11EAA5781681BAEAEC343311 /* Pods_Expenses.framework */; };
/* End PBXBuildFile section */

/* Begin PBXFileReference section */
		0C497A63F029D78B78E39C50 /* Pods-Expenses.release.xcconfig */ = {isa = PBXFileReference; includeInIndex = 1; lastKnownFileType = text.xcconfig; name = "Pods-Expenses.release.xcconfig"; path = "Target Support Files/Pods-Expenses/Pods-Expenses.release.xcconfig"; sourceTree = "<group>"; };
		11EAA5781681BAEAEC343311 /* Pods_Expenses.framework */ = {isa = PBXFileReference; explicitFileType = wrapper.framework; includeInIndex = 0; path = Pods_Expenses.framework; sourceTree = BUILT_PRODUCTS_DIR; };
		160E94CF2941EC6B00838B21 /* PinCodeViewController.swift */ = {isa = PBXFileReference; lastKnownFileType = sourcecode.swift; path = PinCodeViewController.swift; sourceTree = "<group>"; };
		1616C304291BBF8C000C0043 /* Expenses.app */ = {isa = PBXFileReference; explicitFileType = wrapper.application; includeInIndex = 0; path = Expenses.app; sourceTree = BUILT_PRODUCTS_DIR; };
		1616C307291BBF8C000C0043 /* AppDelegate.swift */ = {isa = PBXFileReference; lastKnownFileType = sourcecode.swift; path = AppDelegate.swift; sourceTree = "<group>"; };
		1616C309291BBF8C000C0043 /* SceneDelegate.swift */ = {isa = PBXFileReference; lastKnownFileType = sourcecode.swift; path = SceneDelegate.swift; sourceTree = "<group>"; };
		1616C30B291BBF8C000C0043 /* ListViewController.swift */ = {isa = PBXFileReference; lastKnownFileType = sourcecode.swift; path = ListViewController.swift; sourceTree = "<group>"; };
		1616C30E291BBF8C000C0043 /* Base */ = {isa = PBXFileReference; lastKnownFileType = file.storyboard; name = Base; path = Base.lproj/Main.storyboard; sourceTree = "<group>"; };
		1616C310291BBF90000C0043 /* Assets.xcassets */ = {isa = PBXFileReference; lastKnownFileType = folder.assetcatalog; path = Assets.xcassets; sourceTree = "<group>"; };
		1616C313291BBF90000C0043 /* Base */ = {isa = PBXFileReference; lastKnownFileType = file.storyboard; name = Base; path = Base.lproj/LaunchScreen.storyboard; sourceTree = "<group>"; };
		1616C315291BBF90000C0043 /* Info.plist */ = {isa = PBXFileReference; lastKnownFileType = text.plist.xml; path = Info.plist; sourceTree = "<group>"; };
		1616C31B291BC295000C0043 /* CustomTableViewCell.swift */ = {isa = PBXFileReference; lastKnownFileType = sourcecode.swift; path = CustomTableViewCell.swift; sourceTree = "<group>"; };
		1616C31D291BCA56000C0043 /* DetailTrasactionVC.swift */ = {isa = PBXFileReference; lastKnownFileType = sourcecode.swift; path = DetailTrasactionVC.swift; sourceTree = "<group>"; };
		165021DD293E14FA003CEC30 /* FirestoreServise.swift */ = {isa = PBXFileReference; lastKnownFileType = sourcecode.swift; path = FirestoreServise.swift; sourceTree = "<group>"; };
		165021DF293E172D003CEC30 /* ExpensesItem.swift */ = {isa = PBXFileReference; lastKnownFileType = sourcecode.swift; path = ExpensesItem.swift; sourceTree = "<group>"; };
		165021E1293E24AB003CEC30 /* GoogleService-Info.plist */ = {isa = PBXFileReference; fileEncoding = 4; lastKnownFileType = text.plist.xml; path = "GoogleService-Info.plist"; sourceTree = "<group>"; };
		165021E3293E319D003CEC30 /* ListenerServise.swift */ = {isa = PBXFileReference; lastKnownFileType = sourcecode.swift; path = ListenerServise.swift; sourceTree = "<group>"; };
		16CF915C2A03BAD300E3A122 /* ListAllOperationViewModel.swift */ = {isa = PBXFileReference; lastKnownFileType = sourcecode.swift; path = ListAllOperationViewModel.swift; sourceTree = "<group>"; };
		16DD5E0D2A58208A004A9AA0 /* AuthViewController.swift */ = {isa = PBXFileReference; lastKnownFileType = sourcecode.swift; path = AuthViewController.swift; sourceTree = "<group>"; };
		16DD5E0F2A582666004A9AA0 /* AuthService.swift */ = {isa = PBXFileReference; lastKnownFileType = sourcecode.swift; path = AuthService.swift; sourceTree = "<group>"; };
		16DD5E222A585A91004A9AA0 /* ViewController + Extension.swift */ = {isa = PBXFileReference; lastKnownFileType = sourcecode.swift; path = "ViewController + Extension.swift"; sourceTree = "<group>"; };
		16DD5E352A5C2F81004A9AA0 /* CustomPinCodeButton.swift */ = {isa = PBXFileReference; lastKnownFileType = sourcecode.swift; path = CustomPinCodeButton.swift; sourceTree = "<group>"; };
		16DD5E472A5D807C004A9AA0 /* UIAlerrtControler + Extension.swift */ = {isa = PBXFileReference; lastKnownFileType = sourcecode.swift; path = "UIAlerrtControler + Extension.swift"; sourceTree = "<group>"; };
		16E0EA772A096B59001EF537 /* CustomCollectionViewCell.swift */ = {isa = PBXFileReference; lastKnownFileType = sourcecode.swift; path = CustomCollectionViewCell.swift; sourceTree = "<group>"; };
		16E0EA792A098101001EF537 /* CollectionViewCellModel.swift */ = {isa = PBXFileReference; lastKnownFileType = sourcecode.swift; path = CollectionViewCellModel.swift; sourceTree = "<group>"; };
		16E0EBB92A123F76001EF537 /* ListTableViewCellViewModel.swift */ = {isa = PBXFileReference; lastKnownFileType = sourcecode.swift; path = ListTableViewCellViewModel.swift; sourceTree = "<group>"; };
		16E0EBBB2A1250E9001EF537 /* ListCollectionViewCellViewModel.swift */ = {isa = PBXFileReference; lastKnownFileType = sourcecode.swift; path = ListCollectionViewCellViewModel.swift; sourceTree = "<group>"; };
		16E0EBBD2A126C5D001EF537 /* EditTransactionViewModel.swift */ = {isa = PBXFileReference; lastKnownFileType = sourcecode.swift; path = EditTransactionViewModel.swift; sourceTree = "<group>"; };
		16E0EBBF2A12C56C001EF537 /* AddTrnsactionViewModel.swift */ = {isa = PBXFileReference; lastKnownFileType = sourcecode.swift; path = AddTrnsactionViewModel.swift; sourceTree = "<group>"; };
		16E0ECF12A1651EA001EF537 /* ListTableViewViewModelProtocol.swift */ = {isa = PBXFileReference; lastKnownFileType = sourcecode.swift; path = ListTableViewViewModelProtocol.swift; sourceTree = "<group>"; };
		16E0ECF32A165237001EF537 /* ListTableViewCellViewModelProtocol.swift */ = {isa = PBXFileReference; lastKnownFileType = sourcecode.swift; path = ListTableViewCellViewModelProtocol.swift; sourceTree = "<group>"; };
		16E0ECF52A16525A001EF537 /* ListCollectionViewCellViewModelProtocol.swift */ = {isa = PBXFileReference; lastKnownFileType = sourcecode.swift; path = ListCollectionViewCellViewModelProtocol.swift; sourceTree = "<group>"; };
		16E0ECF72A165275001EF537 /* DetailViewModelProtocol.swift */ = {isa = PBXFileReference; lastKnownFileType = sourcecode.swift; path = DetailViewModelProtocol.swift; sourceTree = "<group>"; };
		FC153B17E6D6750DC48F11EA /* Pods-Expenses.debug.xcconfig */ = {isa = PBXFileReference; includeInIndex = 1; lastKnownFileType = text.xcconfig; name = "Pods-Expenses.debug.xcconfig"; path = "Target Support Files/Pods-Expenses/Pods-Expenses.debug.xcconfig"; sourceTree = "<group>"; };
/* End PBXFileReference section */

/* Begin PBXFrameworksBuildPhase section */
		1616C301291BBF8C000C0043 /* Frameworks */ = {
			isa = PBXFrameworksBuildPhase;
			buildActionMask = 2147483647;
			files = (
				DEFA4CAA6E3AF6BF2F75A3F3 /* Pods_Expenses.framework in Frameworks */,
			);
			runOnlyForDeploymentPostprocessing = 0;
		};
/* End PBXFrameworksBuildPhase section */

/* Begin PBXGroup section */
		1616C2FB291BBF8C000C0043 = {
			isa = PBXGroup;
			children = (
				1616C306291BBF8C000C0043 /* Expenses */,
				1616C305291BBF8C000C0043 /* Products */,
				17AF5507E9DA2976C2552D7C /* Pods */,
				2C0A42C94AD98A5B6370C45F /* Frameworks */,
			);
			sourceTree = "<group>";
		};
		1616C305291BBF8C000C0043 /* Products */ = {
			isa = PBXGroup;
			children = (
				1616C304291BBF8C000C0043 /* Expenses.app */,
			);
			name = Products;
			sourceTree = "<group>";
		};
		1616C306291BBF8C000C0043 /* Expenses */ = {
			isa = PBXGroup;
			children = (
				16D88BD42940824E00E5C30A /* SupportedFile */,
				16D88BD32940822A00E5C30A /* FirebaseServicse */,
				16D88BD0294081D400E5C30A /* Auth */,
				16E0ECEB2A164E57001EF537 /* ListTab */,
				16E0ECEC2A164E71001EF537 /* DetailTab */,
				16D88BD22940821800E5C30A /* Model */,
				16E0ECF02A1651C7001EF537 /* Protocols */,
				16DD5E212A585A75004A9AA0 /* Extension */,
				16DD5E342A5C2F2F004A9AA0 /* CustomUIButton */,
				1616C315291BBF90000C0043 /* Info.plist */,
				165021E1293E24AB003CEC30 /* GoogleService-Info.plist */,
			);
			path = Expenses;
			sourceTree = "<group>";
		};
		16D88BD0294081D400E5C30A /* Auth */ = {
			isa = PBXGroup;
			children = (
				16DD5E0D2A58208A004A9AA0 /* AuthViewController.swift */,
				160E94CF2941EC6B00838B21 /* PinCodeViewController.swift */,
				16DD5E0F2A582666004A9AA0 /* AuthService.swift */,
			);
			path = Auth;
			sourceTree = "<group>";
		};
		16D88BD22940821800E5C30A /* Model */ = {
			isa = PBXGroup;
			children = (
				165021DF293E172D003CEC30 /* ExpensesItem.swift */,
				16E0EA792A098101001EF537 /* CollectionViewCellModel.swift */,
			);
			path = Model;
			sourceTree = "<group>";
		};
		16D88BD32940822A00E5C30A /* FirebaseServicse */ = {
			isa = PBXGroup;
			children = (
				165021DD293E14FA003CEC30 /* FirestoreServise.swift */,
				165021E3293E319D003CEC30 /* ListenerServise.swift */,
			);
			path = FirebaseServicse;
			sourceTree = "<group>";
		};
		16D88BD42940824E00E5C30A /* SupportedFile */ = {
			isa = PBXGroup;
			children = (
				1616C307291BBF8C000C0043 /* AppDelegate.swift */,
				1616C309291BBF8C000C0043 /* SceneDelegate.swift */,
				1616C30D291BBF8C000C0043 /* Main.storyboard */,
				1616C310291BBF90000C0043 /* Assets.xcassets */,
				1616C312291BBF90000C0043 /* LaunchScreen.storyboard */,
			);
			path = SupportedFile;
			sourceTree = "<group>";
		};
		16DD5E212A585A75004A9AA0 /* Extension */ = {
			isa = PBXGroup;
			children = (
				16DD5E222A585A91004A9AA0 /* ViewController + Extension.swift */,
				16DD5E472A5D807C004A9AA0 /* UIAlerrtControler + Extension.swift */,
			);
			path = Extension;
			sourceTree = "<group>";
		};
		16DD5E342A5C2F2F004A9AA0 /* CustomUIButton */ = {
			isa = PBXGroup;
			children = (
				16DD5E352A5C2F81004A9AA0 /* CustomPinCodeButton.swift */,
			);
			path = CustomUIButton;
			sourceTree = "<group>";
		};
		16E0ECEB2A164E57001EF537 /* ListTab */ = {
			isa = PBXGroup;
			children = (
				1616C30B291BBF8C000C0043 /* ListViewController.swift */,
				16CF915C2A03BAD300E3A122 /* ListAllOperationViewModel.swift */,
				16E0ECEE2A164F3F001EF537 /* TableView */,
				16E0ECEF2A164F4A001EF537 /* CollectionView */,
			);
			path = ListTab;
			sourceTree = "<group>";
		};
		16E0ECEC2A164E71001EF537 /* DetailTab */ = {
			isa = PBXGroup;
			children = (
				1616C31D291BCA56000C0043 /* DetailTrasactionVC.swift */,
				16E0EBBD2A126C5D001EF537 /* EditTransactionViewModel.swift */,
				16E0EBBF2A12C56C001EF537 /* AddTrnsactionViewModel.swift */,
			);
			path = DetailTab;
			sourceTree = "<group>";
		};
		16E0ECEE2A164F3F001EF537 /* TableView */ = {
			isa = PBXGroup;
			children = (
				16E0EBB92A123F76001EF537 /* ListTableViewCellViewModel.swift */,
				1616C31B291BC295000C0043 /* CustomTableViewCell.swift */,
			);
			path = TableView;
			sourceTree = "<group>";
		};
		16E0ECEF2A164F4A001EF537 /* CollectionView */ = {
			isa = PBXGroup;
			children = (
				16E0EBBB2A1250E9001EF537 /* ListCollectionViewCellViewModel.swift */,
				16E0EA772A096B59001EF537 /* CustomCollectionViewCell.swift */,
			);
			path = CollectionView;
			sourceTree = "<group>";
		};
		16E0ECF02A1651C7001EF537 /* Protocols */ = {
			isa = PBXGroup;
			children = (
				16E0ECF12A1651EA001EF537 /* ListTableViewViewModelProtocol.swift */,
				16E0ECF32A165237001EF537 /* ListTableViewCellViewModelProtocol.swift */,
				16E0ECF52A16525A001EF537 /* ListCollectionViewCellViewModelProtocol.swift */,
				16E0ECF72A165275001EF537 /* DetailViewModelProtocol.swift */,
			);
			path = Protocols;
			sourceTree = "<group>";
		};
		17AF5507E9DA2976C2552D7C /* Pods */ = {
			isa = PBXGroup;
			children = (
				FC153B17E6D6750DC48F11EA /* Pods-Expenses.debug.xcconfig */,
				0C497A63F029D78B78E39C50 /* Pods-Expenses.release.xcconfig */,
			);
			path = Pods;
			sourceTree = "<group>";
		};
		2C0A42C94AD98A5B6370C45F /* Frameworks */ = {
			isa = PBXGroup;
			children = (
				11EAA5781681BAEAEC343311 /* Pods_Expenses.framework */,
			);
			name = Frameworks;
			sourceTree = "<group>";
		};
/* End PBXGroup section */

/* Begin PBXNativeTarget section */
		1616C303291BBF8C000C0043 /* Expenses */ = {
			isa = PBXNativeTarget;
			buildConfigurationList = 1616C318291BBF90000C0043 /* Build configuration list for PBXNativeTarget "Expenses" */;
			buildPhases = (
				063296F7E6EF6214F28DFD49 /* [CP] Check Pods Manifest.lock */,
				1616C300291BBF8C000C0043 /* Sources */,
				1616C301291BBF8C000C0043 /* Frameworks */,
				1616C302291BBF8C000C0043 /* Resources */,
				3A18F2E7D336595EF3B1BF8E /* [CP] Embed Pods Frameworks */,
			);
			buildRules = (
			);
			dependencies = (
			);
			name = Expenses;
			productName = Expenses;
			productReference = 1616C304291BBF8C000C0043 /* Expenses.app */;
			productType = "com.apple.product-type.application";
		};
/* End PBXNativeTarget section */

/* Begin PBXProject section */
		1616C2FC291BBF8C000C0043 /* Project object */ = {
			isa = PBXProject;
			attributes = {
				BuildIndependentTargetsInParallel = 1;
				LastSwiftUpdateCheck = 1340;
				LastUpgradeCheck = 1340;
				TargetAttributes = {
					1616C303291BBF8C000C0043 = {
						CreatedOnToolsVersion = 13.4.1;
					};
				};
			};
			buildConfigurationList = 1616C2FF291BBF8C000C0043 /* Build configuration list for PBXProject "Expenses" */;
			compatibilityVersion = "Xcode 14.0";
			developmentRegion = en;
			hasScannedForEncodings = 0;
			knownRegions = (
				en,
				Base,
			);
			mainGroup = 1616C2FB291BBF8C000C0043;
			productRefGroup = 1616C305291BBF8C000C0043 /* Products */;
			projectDirPath = "";
			projectRoot = "";
			targets = (
				1616C303291BBF8C000C0043 /* Expenses */,
			);
		};
/* End PBXProject section */

/* Begin PBXResourcesBuildPhase section */
		1616C302291BBF8C000C0043 /* Resources */ = {
			isa = PBXResourcesBuildPhase;
			buildActionMask = 2147483647;
			files = (
				165021E2293E24AB003CEC30 /* GoogleService-Info.plist in Resources */,
				1616C314291BBF90000C0043 /* LaunchScreen.storyboard in Resources */,
				1616C311291BBF90000C0043 /* Assets.xcassets in Resources */,
				1616C30F291BBF8C000C0043 /* Main.storyboard in Resources */,
			);
			runOnlyForDeploymentPostprocessing = 0;
		};
/* End PBXResourcesBuildPhase section */

/* Begin PBXShellScriptBuildPhase section */
		063296F7E6EF6214F28DFD49 /* [CP] Check Pods Manifest.lock */ = {
			isa = PBXShellScriptBuildPhase;
			buildActionMask = 2147483647;
			files = (
			);
			inputFileListPaths = (
			);
			inputPaths = (
				"${PODS_PODFILE_DIR_PATH}/Podfile.lock",
				"${PODS_ROOT}/Manifest.lock",
			);
			name = "[CP] Check Pods Manifest.lock";
			outputFileListPaths = (
			);
			outputPaths = (
				"$(DERIVED_FILE_DIR)/Pods-Expenses-checkManifestLockResult.txt",
			);
			runOnlyForDeploymentPostprocessing = 0;
			shellPath = /bin/sh;
			shellScript = "diff \"${PODS_PODFILE_DIR_PATH}/Podfile.lock\" \"${PODS_ROOT}/Manifest.lock\" > /dev/null\nif [ $? != 0 ] ; then\n    # print error to STDERR\n    echo \"error: The sandbox is not in sync with the Podfile.lock. Run 'pod install' or update your CocoaPods installation.\" >&2\n    exit 1\nfi\n# This output is used by Xcode 'outputs' to avoid re-running this script phase.\necho \"SUCCESS\" > \"${SCRIPT_OUTPUT_FILE_0}\"\n";
			showEnvVarsInLog = 0;
		};
		3A18F2E7D336595EF3B1BF8E /* [CP] Embed Pods Frameworks */ = {
			isa = PBXShellScriptBuildPhase;
			buildActionMask = 2147483647;
			files = (
			);
			inputFileListPaths = (
				"${PODS_ROOT}/Target Support Files/Pods-Expenses/Pods-Expenses-frameworks-${CONFIGURATION}-input-files.xcfilelist",
			);
			name = "[CP] Embed Pods Frameworks";
			outputFileListPaths = (
				"${PODS_ROOT}/Target Support Files/Pods-Expenses/Pods-Expenses-frameworks-${CONFIGURATION}-output-files.xcfilelist",
			);
			runOnlyForDeploymentPostprocessing = 0;
			shellPath = /bin/sh;
			shellScript = "\"${PODS_ROOT}/Target Support Files/Pods-Expenses/Pods-Expenses-frameworks.sh\"\n";
			showEnvVarsInLog = 0;
		};
/* End PBXShellScriptBuildPhase section */

/* Begin PBXSourcesBuildPhase section */
		1616C300291BBF8C000C0043 /* Sources */ = {
			isa = PBXSourcesBuildPhase;
			buildActionMask = 2147483647;
			files = (
				16E0EA7A2A098101001EF537 /* CollectionViewCellModel.swift in Sources */,
				16E0ECF62A16525A001EF537 /* ListCollectionViewCellViewModelProtocol.swift in Sources */,
				16E0EBC02A12C56C001EF537 /* AddTrnsactionViewModel.swift in Sources */,
				16CF915D2A03BAD300E3A122 /* ListAllOperationViewModel.swift in Sources */,
				1616C31E291BCA56000C0043 /* DetailTrasactionVC.swift in Sources */,
				16DD5E362A5C2F81004A9AA0 /* CustomPinCodeButton.swift in Sources */,
				1616C30C291BBF8C000C0043 /* ListViewController.swift in Sources */,
				16E0ECF42A165237001EF537 /* ListTableViewCellViewModelProtocol.swift in Sources */,
				165021E0293E172D003CEC30 /* ExpensesItem.swift in Sources */,
				160E94D02941EC6B00838B21 /* PinCodeViewController.swift in Sources */,
				1616C308291BBF8C000C0043 /* AppDelegate.swift in Sources */,
				16E0EBBC2A1250E9001EF537 /* ListCollectionViewCellViewModel.swift in Sources */,
				1616C31C291BC295000C0043 /* CustomTableViewCell.swift in Sources */,
				16DD5E102A582666004A9AA0 /* AuthService.swift in Sources */,
				1616C30A291BBF8C000C0043 /* SceneDelegate.swift in Sources */,
				16DD5E0E2A58208A004A9AA0 /* AuthViewController.swift in Sources */,
				16E0EBBA2A123F76001EF537 /* ListTableViewCellViewModel.swift in Sources */,
				16DD5E482A5D807C004A9AA0 /* UIAlerrtControler + Extension.swift in Sources */,
				165021DE293E14FA003CEC30 /* FirestoreServise.swift in Sources */,
				165021E4293E319D003CEC30 /* ListenerServise.swift in Sources */,
				16E0EBBE2A126C5D001EF537 /* EditTransactionViewModel.swift in Sources */,
				16DD5E232A585A91004A9AA0 /* ViewController + Extension.swift in Sources */,
				16E0ECF22A1651EA001EF537 /* ListTableViewViewModelProtocol.swift in Sources */,
				16E0EA782A096B59001EF537 /* CustomCollectionViewCell.swift in Sources */,
				16E0ECF82A165275001EF537 /* DetailViewModelProtocol.swift in Sources */,
			);
			runOnlyForDeploymentPostprocessing = 0;
		};
/* End PBXSourcesBuildPhase section */

/* Begin PBXVariantGroup section */
		1616C30D291BBF8C000C0043 /* Main.storyboard */ = {
			isa = PBXVariantGroup;
			children = (
				1616C30E291BBF8C000C0043 /* Base */,
			);
			name = Main.storyboard;
			sourceTree = "<group>";
		};
		1616C312291BBF90000C0043 /* LaunchScreen.storyboard */ = {
			isa = PBXVariantGroup;
			children = (
				1616C313291BBF90000C0043 /* Base */,
			);
			name = LaunchScreen.storyboard;
			sourceTree = "<group>";
		};
/* End PBXVariantGroup section */

/* Begin XCBuildConfiguration section */
		1616C316291BBF90000C0043 /* Debug */ = {
			isa = XCBuildConfiguration;
			buildSettings = {
				ALWAYS_SEARCH_USER_PATHS = NO;
				CLANG_ANALYZER_NONNULL = YES;
				CLANG_ANALYZER_NUMBER_OBJECT_CONVERSION = YES_AGGRESSIVE;
				CLANG_CXX_LANGUAGE_STANDARD = "gnu++17";
				CLANG_ENABLE_MODULES = YES;
				CLANG_ENABLE_OBJC_ARC = YES;
				CLANG_ENABLE_OBJC_WEAK = YES;
				CLANG_WARN_BLOCK_CAPTURE_AUTORELEASING = YES;
				CLANG_WARN_BOOL_CONVERSION = YES;
				CLANG_WARN_COMMA = YES;
				CLANG_WARN_CONSTANT_CONVERSION = YES;
				CLANG_WARN_DEPRECATED_OBJC_IMPLEMENTATIONS = YES;
				CLANG_WARN_DIRECT_OBJC_ISA_USAGE = YES_ERROR;
				CLANG_WARN_DOCUMENTATION_COMMENTS = YES;
				CLANG_WARN_EMPTY_BODY = YES;
				CLANG_WARN_ENUM_CONVERSION = YES;
				CLANG_WARN_INFINITE_RECURSION = YES;
				CLANG_WARN_INT_CONVERSION = YES;
				CLANG_WARN_NON_LITERAL_NULL_CONVERSION = YES;
				CLANG_WARN_OBJC_IMPLICIT_RETAIN_SELF = YES;
				CLANG_WARN_OBJC_LITERAL_CONVERSION = YES;
				CLANG_WARN_OBJC_ROOT_CLASS = YES_ERROR;
				CLANG_WARN_QUOTED_INCLUDE_IN_FRAMEWORK_HEADER = YES;
				CLANG_WARN_RANGE_LOOP_ANALYSIS = YES;
				CLANG_WARN_STRICT_PROTOTYPES = YES;
				CLANG_WARN_SUSPICIOUS_MOVE = YES;
				CLANG_WARN_UNGUARDED_AVAILABILITY = YES_AGGRESSIVE;
				CLANG_WARN_UNREACHABLE_CODE = YES;
				CLANG_WARN__DUPLICATE_METHOD_MATCH = YES;
				COPY_PHASE_STRIP = NO;
				DEBUG_INFORMATION_FORMAT = dwarf;
				ENABLE_STRICT_OBJC_MSGSEND = YES;
				ENABLE_TESTABILITY = YES;
				GCC_C_LANGUAGE_STANDARD = gnu11;
				GCC_DYNAMIC_NO_PIC = NO;
				GCC_NO_COMMON_BLOCKS = YES;
				GCC_OPTIMIZATION_LEVEL = 0;
				GCC_PREPROCESSOR_DEFINITIONS = (
					"DEBUG=1",
					"$(inherited)",
				);
				GCC_WARN_64_TO_32_BIT_CONVERSION = YES;
				GCC_WARN_ABOUT_RETURN_TYPE = YES_ERROR;
				GCC_WARN_UNDECLARED_SELECTOR = YES;
				GCC_WARN_UNINITIALIZED_AUTOS = YES_AGGRESSIVE;
				GCC_WARN_UNUSED_FUNCTION = YES;
				GCC_WARN_UNUSED_VARIABLE = YES;
				IPHONEOS_DEPLOYMENT_TARGET = 15.5;
				MTL_ENABLE_DEBUG_INFO = INCLUDE_SOURCE;
				MTL_FAST_MATH = YES;
				ONLY_ACTIVE_ARCH = YES;
				SDKROOT = iphoneos;
				SWIFT_ACTIVE_COMPILATION_CONDITIONS = DEBUG;
				SWIFT_OPTIMIZATION_LEVEL = "-Onone";
			};
			name = Debug;
		};
		1616C317291BBF90000C0043 /* Release */ = {
			isa = XCBuildConfiguration;
			buildSettings = {
				ALWAYS_SEARCH_USER_PATHS = NO;
				CLANG_ANALYZER_NONNULL = YES;
				CLANG_ANALYZER_NUMBER_OBJECT_CONVERSION = YES_AGGRESSIVE;
				CLANG_CXX_LANGUAGE_STANDARD = "gnu++17";
				CLANG_ENABLE_MODULES = YES;
				CLANG_ENABLE_OBJC_ARC = YES;
				CLANG_ENABLE_OBJC_WEAK = YES;
				CLANG_WARN_BLOCK_CAPTURE_AUTORELEASING = YES;
				CLANG_WARN_BOOL_CONVERSION = YES;
				CLANG_WARN_COMMA = YES;
				CLANG_WARN_CONSTANT_CONVERSION = YES;
				CLANG_WARN_DEPRECATED_OBJC_IMPLEMENTATIONS = YES;
				CLANG_WARN_DIRECT_OBJC_ISA_USAGE = YES_ERROR;
				CLANG_WARN_DOCUMENTATION_COMMENTS = YES;
				CLANG_WARN_EMPTY_BODY = YES;
				CLANG_WARN_ENUM_CONVERSION = YES;
				CLANG_WARN_INFINITE_RECURSION = YES;
				CLANG_WARN_INT_CONVERSION = YES;
				CLANG_WARN_NON_LITERAL_NULL_CONVERSION = YES;
				CLANG_WARN_OBJC_IMPLICIT_RETAIN_SELF = YES;
				CLANG_WARN_OBJC_LITERAL_CONVERSION = YES;
				CLANG_WARN_OBJC_ROOT_CLASS = YES_ERROR;
				CLANG_WARN_QUOTED_INCLUDE_IN_FRAMEWORK_HEADER = YES;
				CLANG_WARN_RANGE_LOOP_ANALYSIS = YES;
				CLANG_WARN_STRICT_PROTOTYPES = YES;
				CLANG_WARN_SUSPICIOUS_MOVE = YES;
				CLANG_WARN_UNGUARDED_AVAILABILITY = YES_AGGRESSIVE;
				CLANG_WARN_UNREACHABLE_CODE = YES;
				CLANG_WARN__DUPLICATE_METHOD_MATCH = YES;
				COPY_PHASE_STRIP = NO;
				DEBUG_INFORMATION_FORMAT = "dwarf-with-dsym";
				ENABLE_NS_ASSERTIONS = NO;
				ENABLE_STRICT_OBJC_MSGSEND = YES;
				GCC_C_LANGUAGE_STANDARD = gnu11;
				GCC_NO_COMMON_BLOCKS = YES;
				GCC_WARN_64_TO_32_BIT_CONVERSION = YES;
				GCC_WARN_ABOUT_RETURN_TYPE = YES_ERROR;
				GCC_WARN_UNDECLARED_SELECTOR = YES;
				GCC_WARN_UNINITIALIZED_AUTOS = YES_AGGRESSIVE;
				GCC_WARN_UNUSED_FUNCTION = YES;
				GCC_WARN_UNUSED_VARIABLE = YES;
				IPHONEOS_DEPLOYMENT_TARGET = 15.5;
				MTL_ENABLE_DEBUG_INFO = NO;
				MTL_FAST_MATH = YES;
				SDKROOT = iphoneos;
				SWIFT_COMPILATION_MODE = wholemodule;
				SWIFT_OPTIMIZATION_LEVEL = "-O";
				VALIDATE_PRODUCT = YES;
			};
			name = Release;
		};
		1616C319291BBF90000C0043 /* Debug */ = {
			isa = XCBuildConfiguration;
			baseConfigurationReference = FC153B17E6D6750DC48F11EA /* Pods-Expenses.debug.xcconfig */;
			buildSettings = {
				ASSETCATALOG_COMPILER_APPICON_NAME = AppIcon;
				ASSETCATALOG_COMPILER_GLOBAL_ACCENT_COLOR_NAME = AccentColor;
				CODE_SIGN_STYLE = Automatic;
				CURRENT_PROJECT_VERSION = 1;
				DEVELOPMENT_TEAM = 96Z9K772Z9;
				GENERATE_INFOPLIST_FILE = YES;
				INFOPLIST_FILE = Expenses/Info.plist;
				INFOPLIST_KEY_NSFaceIDUsageDescription = "";
				INFOPLIST_KEY_UIApplicationSupportsIndirectInputEvents = YES;
				INFOPLIST_KEY_UILaunchStoryboardName = LaunchScreen;
				INFOPLIST_KEY_UIMainStoryboardFile = Main;
				INFOPLIST_KEY_UISupportedInterfaceOrientations_iPad = "UIInterfaceOrientationPortrait UIInterfaceOrientationPortraitUpsideDown UIInterfaceOrientationLandscapeLeft UIInterfaceOrientationLandscapeRight";
				INFOPLIST_KEY_UISupportedInterfaceOrientations_iPhone = "UIInterfaceOrientationPortrait UIInterfaceOrientationLandscapeLeft UIInterfaceOrientationLandscapeRight";
				IPHONEOS_DEPLOYMENT_TARGET = 16.4;
				LD_RUNPATH_SEARCH_PATHS = (
					"$(inherited)",
					"@executable_path/Frameworks",
				);
				MARKETING_VERSION = 1.0;
				PRODUCT_BUNDLE_IDENTIFIER = andrii.Expenses;
				PRODUCT_NAME = "$(TARGET_NAME)";
				SWIFT_EMIT_LOC_STRINGS = YES;
				SWIFT_VERSION = 5.0;
				TARGETED_DEVICE_FAMILY = "1,2";
			};
			name = Debug;
		};
		1616C31A291BBF90000C0043 /* Release */ = {
			isa = XCBuildConfiguration;
			baseConfigurationReference = 0C497A63F029D78B78E39C50 /* Pods-Expenses.release.xcconfig */;
			buildSettings = {
				ASSETCATALOG_COMPILER_APPICON_NAME = AppIcon;
				ASSETCATALOG_COMPILER_GLOBAL_ACCENT_COLOR_NAME = AccentColor;
				CODE_SIGN_STYLE = Automatic;
				CURRENT_PROJECT_VERSION = 1;
				DEVELOPMENT_TEAM = 96Z9K772Z9;
				GENERATE_INFOPLIST_FILE = YES;
				INFOPLIST_FILE = Expenses/Info.plist;
				INFOPLIST_KEY_NSFaceIDUsageDescription = "";
				INFOPLIST_KEY_UIApplicationSupportsIndirectInputEvents = YES;
				INFOPLIST_KEY_UILaunchStoryboardName = LaunchScreen;
				INFOPLIST_KEY_UIMainStoryboardFile = Main;
				INFOPLIST_KEY_UISupportedInterfaceOrientations_iPad = "UIInterfaceOrientationPortrait UIInterfaceOrientationPortraitUpsideDown UIInterfaceOrientationLandscapeLeft UIInterfaceOrientationLandscapeRight";
				INFOPLIST_KEY_UISupportedInterfaceOrientations_iPhone = "UIInterfaceOrientationPortrait UIInterfaceOrientationLandscapeLeft UIInterfaceOrientationLandscapeRight";
				IPHONEOS_DEPLOYMENT_TARGET = 16.4;
				LD_RUNPATH_SEARCH_PATHS = (
					"$(inherited)",
					"@executable_path/Frameworks",
				);
				MARKETING_VERSION = 1.0;
				PRODUCT_BUNDLE_IDENTIFIER = andrii.Expenses;
				PRODUCT_NAME = "$(TARGET_NAME)";
				SWIFT_EMIT_LOC_STRINGS = YES;
				SWIFT_VERSION = 5.0;
				TARGETED_DEVICE_FAMILY = "1,2";
			};
			name = Release;
		};
/* End XCBuildConfiguration section */

/* Begin XCConfigurationList section */
		1616C2FF291BBF8C000C0043 /* Build configuration list for PBXProject "Expenses" */ = {
			isa = XCConfigurationList;
			buildConfigurations = (
				1616C316291BBF90000C0043 /* Debug */,
				1616C317291BBF90000C0043 /* Release */,
			);
			defaultConfigurationIsVisible = 0;
			defaultConfigurationName = Release;
		};
		1616C318291BBF90000C0043 /* Build configuration list for PBXNativeTarget "Expenses" */ = {
			isa = XCConfigurationList;
			buildConfigurations = (
				1616C319291BBF90000C0043 /* Debug */,
				1616C31A291BBF90000C0043 /* Release */,
			);
			defaultConfigurationIsVisible = 0;
			defaultConfigurationName = Release;
		};
/* End XCConfigurationList section */
	};
	rootObject = 1616C2FC291BBF8C000C0043 /* Project object */;
}
